
Microsoft Visual Studio Solution File, Format Version 12.00
# Visual Studio Version 16
VisualStudioVersion = 16.0.30804.86
MinimumVisualStudioVersion = 10.0.40219.1
Project("{FAE04EC0-301F-11D3-BF4B-00C04F79EFBC}") = "CronParser", "CronParser\CronParser.csproj", "{5268F634-4C01-449C-A4B6-E8384460ACFF}"
EndProject
Global
	GlobalSection(SolutionConfigurationPlatforms) = preSolution
		Debug|Any CPU = Debug|Any CPU
		Release|Any CPU = Release|Any CPU
	EndGlobalSection
	GlobalSection(ProjectConfigurationPlatforms) = postSolution
		{5268F634-4C01-449C-A4B6-E8384460ACFF}.Debug|Any CPU.ActiveCfg = Debug|Any CPU
		{5268F634-4C01-449C-A4B6-E8384460ACFF}.Debug|Any CPU.Build.0 = Debug|Any CPU
		{5268F634-4C01-449C-A4B6-E8384460ACFF}.Release|Any CPU.ActiveCfg = Release|Any CPU
		{5268F634-4C01-449C-A4B6-E8384460ACFF}.Release|Any CPU.Build.0 = Release|Any CPU
	EndGlobalSection
	GlobalSection(SolutionProperties) = preSolution
		HideSolutionNode = FALSE
	EndGlobalSection
	GlobalSection(ExtensibilityGlobals) = postSolution
		SolutionGuid = {F6CF4E0D-7214-4DBD-9B38-DF7DB560BD34}
	EndGlobalSection
EndGlobal
